
Microsoft Visual Studio Solution File, Format Version 12.00
# Visual Studio 15
VisualStudioVersion = 15.0.27004.2006
MinimumVisualStudioVersion = 10.0.40219.1
Project("{FAE04EC0-301F-11D3-BF4B-00C04F79EFBC}") = "XamarinFacebookDemo.Android", "XamarinFacebookDemo\XamarinFacebookDemo.Android\XamarinFacebookDemo.Android.csproj", "{58D5E1BB-6FBC-4C94-95A3-FCA0FBF9B517}"
EndProject
Project("{FAE04EC0-301F-11D3-BF4B-00C04F79EFBC}") = "XamarinFacebookDemo", "XamarinFacebookDemo\XamarinFacebookDemo\XamarinFacebookDemo.csproj", "{730FC154-EA8C-47A3-9332-C7C47CC3E36B}"
EndProject
Project("{FAE04EC0-301F-11D3-BF4B-00C04F79EFBC}") = "XamarinFacebookDemo.UWP", "XamarinFacebookDemo\XamarinFacebookDemo.UWP\XamarinFacebookDemo.UWP.csproj", "{A82D82FC-1D1A-4D22-89C8-3503DC36D2E9}"
EndProject
Project("{FAE04EC0-301F-11D3-BF4B-00C04F79EFBC}") = "XamarinFacebookDemo.iOS", "XamarinFacebookDemo\XamarinFacebookDemo.iOS\XamarinFacebookDemo.iOS.csproj", "{8756AA69-B685-4C07-9EEF-8AC5EED5EE92}"
EndProject
Global
	GlobalSection(SolutionConfigurationPlatforms) = preSolution
		Ad-Hoc|Any CPU = Ad-Hoc|Any CPU
		Ad-Hoc|ARM = Ad-Hoc|ARM
		Ad-Hoc|iPhone = Ad-Hoc|iPhone
		Ad-Hoc|iPhoneSimulator = Ad-Hoc|iPhoneSimulator
		Ad-Hoc|x64 = Ad-Hoc|x64
		Ad-Hoc|x86 = Ad-Hoc|x86
		AppStore|Any CPU = AppStore|Any CPU
		AppStore|ARM = AppStore|ARM
		AppStore|iPhone = AppStore|iPhone
		AppStore|iPhoneSimulator = AppStore|iPhoneSimulator
		AppStore|x64 = AppStore|x64
		AppStore|x86 = AppStore|x86
		Debug|Any CPU = Debug|Any CPU
		Debug|ARM = Debug|ARM
		Debug|iPhone = Debug|iPhone
		Debug|iPhoneSimulator = Debug|iPhoneSimulator
		Debug|x64 = Debug|x64
		Debug|x86 = Debug|x86
		Release|Any CPU = Release|Any CPU
		Release|ARM = Release|ARM
		Release|iPhone = Release|iPhone
		Release|iPhoneSimulator = Release|iPhoneSimulator
		Release|x64 = Release|x64
		Release|x86 = Release|x86
	EndGlobalSection
	GlobalSection(ProjectConfigurationPlatforms) = postSolution
		{58D5E1BB-6FBC-4C94-95A3-FCA0FBF9B517}.Ad-Hoc|Any CPU.ActiveCfg = Release|Any CPU
		{58D5E1BB-6FBC-4C94-95A3-FCA0FBF9B517}.Ad-Hoc|Any CPU.Build.0 = Release|Any CPU
		{58D5E1BB-6FBC-4C94-95A3-FCA0FBF9B517}.Ad-Hoc|Any CPU.Deploy.0 = Release|Any CPU
		{58D5E1BB-6FBC-4C94-95A3-FCA0FBF9B517}.Ad-Hoc|ARM.ActiveCfg = Release|Any CPU
		{58D5E1BB-6FBC-4C94-95A3-FCA0FBF9B517}.Ad-Hoc|ARM.Build.0 = Release|Any CPU
		{58D5E1BB-6FBC-4C94-95A3-FCA0FBF9B517}.Ad-Hoc|ARM.Deploy.0 = Release|Any CPU
		{58D5E1BB-6FBC-4C94-95A3-FCA0FBF9B517}.Ad-Hoc|iPhone.ActiveCfg = Release|Any CPU
		{58D5E1BB-6FBC-4C94-95A3-FCA0FBF9B517}.Ad-Hoc|iPhone.Build.0 = Release|Any CPU
		{58D5E1BB-6FBC-4C94-95A3-FCA0FBF9B517}.Ad-Hoc|iPhone.Deploy.0 = Release|Any CPU
		{58D5E1BB-6FBC-4C94-95A3-FCA0FBF9B517}.Ad-Hoc|iPhoneSimulator.ActiveCfg = Release|Any CPU
		{58D5E1BB-6FBC-4C94-95A3-FCA0FBF9B517}.Ad-Hoc|iPhoneSimulator.Build.0 = Release|Any CPU
		{58D5E1BB-6FBC-4C94-95A3-FCA0FBF9B517}.Ad-Hoc|iPhoneSimulator.Deploy.0 = Release|Any CPU
		{58D5E1BB-6FBC-4C94-95A3-FCA0FBF9B517}.Ad-Hoc|x64.ActiveCfg = Release|Any CPU
		{58D5E1BB-6FBC-4C94-95A3-FCA0FBF9B517}.Ad-Hoc|x64.Build.0 = Release|Any CPU
		{58D5E1BB-6FBC-4C94-95A3-FCA0FBF9B517}.Ad-Hoc|x64.Deploy.0 = Release|Any CPU
		{58D5E1BB-6FBC-4C94-95A3-FCA0FBF9B517}.Ad-Hoc|x86.ActiveCfg = Release|Any CPU
		{58D5E1BB-6FBC-4C94-95A3-FCA0FBF9B517}.Ad-Hoc|x86.Build.0 = Release|Any CPU
		{58D5E1BB-6FBC-4C94-95A3-FCA0FBF9B517}.Ad-Hoc|x86.Deploy.0 = Release|Any CPU
		{58D5E1BB-6FBC-4C94-95A3-FCA0FBF9B517}.AppStore|Any CPU.ActiveCfg = Release|Any CPU
		{58D5E1BB-6FBC-4C94-95A3-FCA0FBF9B517}.AppStore|Any CPU.Build.0 = Release|Any CPU
		{58D5E1BB-6FBC-4C94-95A3-FCA0FBF9B517}.AppStore|Any CPU.Deploy.0 = Release|Any CPU
		{58D5E1BB-6FBC-4C94-95A3-FCA0FBF9B517}.AppStore|ARM.ActiveCfg = Release|Any CPU
		{58D5E1BB-6FBC-4C94-95A3-FCA0FBF9B517}.AppStore|ARM.Build.0 = Release|Any CPU
		{58D5E1BB-6FBC-4C94-95A3-FCA0FBF9B517}.AppStore|ARM.Deploy.0 = Release|Any CPU
		{58D5E1BB-6FBC-4C94-95A3-FCA0FBF9B517}.AppStore|iPhone.ActiveCfg = Release|Any CPU
		{58D5E1BB-6FBC-4C94-95A3-FCA0FBF9B517}.AppStore|iPhone.Build.0 = Release|Any CPU
		{58D5E1BB-6FBC-4C94-95A3-FCA0FBF9B517}.AppStore|iPhone.Deploy.0 = Release|Any CPU
		{58D5E1BB-6FBC-4C94-95A3-FCA0FBF9B517}.AppStore|iPhoneSimulator.ActiveCfg = Release|Any CPU
		{58D5E1BB-6FBC-4C94-95A3-FCA0FBF9B517}.AppStore|iPhoneSimulator.Build.0 = Release|Any CPU
		{58D5E1BB-6FBC-4C94-95A3-FCA0FBF9B517}.AppStore|iPhoneSimulator.Deploy.0 = Release|Any CPU
		{58D5E1BB-6FBC-4C94-95A3-FCA0FBF9B517}.AppStore|x64.ActiveCfg = Release|Any CPU
		{58D5E1BB-6FBC-4C94-95A3-FCA0FBF9B517}.AppStore|x64.Build.0 = Release|Any CPU
		{58D5E1BB-6FBC-4C94-95A3-FCA0FBF9B517}.AppStore|x64.Deploy.0 = Release|Any CPU
		{58D5E1BB-6FBC-4C94-95A3-FCA0FBF9B517}.AppStore|x86.ActiveCfg = Release|Any CPU
		{58D5E1BB-6FBC-4C94-95A3-FCA0FBF9B517}.AppStore|x86.Build.0 = Release|Any CPU
		{58D5E1BB-6FBC-4C94-95A3-FCA0FBF9B517}.AppStore|x86.Deploy.0 = Release|Any CPU
		{58D5E1BB-6FBC-4C94-95A3-FCA0FBF9B517}.Debug|Any CPU.ActiveCfg = Debug|Any CPU
		{58D5E1BB-6FBC-4C94-95A3-FCA0FBF9B517}.Debug|Any CPU.Build.0 = Debug|Any CPU
		{58D5E1BB-6FBC-4C94-95A3-FCA0FBF9B517}.Debug|Any CPU.Deploy.0 = Debug|Any CPU
		{58D5E1BB-6FBC-4C94-95A3-FCA0FBF9B517}.Debug|ARM.ActiveCfg = Debug|Any CPU
		{58D5E1BB-6FBC-4C94-95A3-FCA0FBF9B517}.Debug|ARM.Build.0 = Debug|Any CPU
		{58D5E1BB-6FBC-4C94-95A3-FCA0FBF9B517}.Debug|ARM.Deploy.0 = Debug|Any CPU
		{58D5E1BB-6FBC-4C94-95A3-FCA0FBF9B517}.Debug|iPhone.ActiveCfg = Debug|Any CPU
		{58D5E1BB-6FBC-4C94-95A3-FCA0FBF9B517}.Debug|iPhone.Build.0 = Debug|Any CPU
		{58D5E1BB-6FBC-4C94-95A3-FCA0FBF9B517}.Debug|iPhone.Deploy.0 = Debug|Any CPU
		{58D5E1BB-6FBC-4C94-95A3-FCA0FBF9B517}.Debug|iPhoneSimulator.ActiveCfg = Debug|Any CPU
		{58D5E1BB-6FBC-4C94-95A3-FCA0FBF9B517}.Debug|iPhoneSimulator.Build.0 = Debug|Any CPU
		{58D5E1BB-6FBC-4C94-95A3-FCA0FBF9B517}.Debug|iPhoneSimulator.Deploy.0 = Debug|Any CPU
		{58D5E1BB-6FBC-4C94-95A3-FCA0FBF9B517}.Debug|x64.ActiveCfg = Debug|Any CPU
		{58D5E1BB-6FBC-4C94-95A3-FCA0FBF9B517}.Debug|x64.Build.0 = Debug|Any CPU
		{58D5E1BB-6FBC-4C94-95A3-FCA0FBF9B517}.Debug|x64.Deploy.0 = Debug|Any CPU
		{58D5E1BB-6FBC-4C94-95A3-FCA0FBF9B517}.Debug|x86.ActiveCfg = Debug|Any CPU
		{58D5E1BB-6FBC-4C94-95A3-FCA0FBF9B517}.Debug|x86.Build.0 = Debug|Any CPU
		{58D5E1BB-6FBC-4C94-95A3-FCA0FBF9B517}.Debug|x86.Deploy.0 = Debug|Any CPU
		{58D5E1BB-6FBC-4C94-95A3-FCA0FBF9B517}.Release|Any CPU.ActiveCfg = Release|Any CPU
		{58D5E1BB-6FBC-4C94-95A3-FCA0FBF9B517}.Release|Any CPU.Build.0 = Release|Any CPU
		{58D5E1BB-6FBC-4C94-95A3-FCA0FBF9B517}.Release|Any CPU.Deploy.0 = Release|Any CPU
		{58D5E1BB-6FBC-4C94-95A3-FCA0FBF9B517}.Release|ARM.ActiveCfg = Release|Any CPU
		{58D5E1BB-6FBC-4C94-95A3-FCA0FBF9B517}.Release|ARM.Build.0 = Release|Any CPU
		{58D5E1BB-6FBC-4C94-95A3-FCA0FBF9B517}.Release|ARM.Deploy.0 = Release|Any CPU
		{58D5E1BB-6FBC-4C94-95A3-FCA0FBF9B517}.Release|iPhone.ActiveCfg = Release|Any CPU
		{58D5E1BB-6FBC-4C94-95A3-FCA0FBF9B517}.Release|iPhone.Build.0 = Release|Any CPU
		{58D5E1BB-6FBC-4C94-95A3-FCA0FBF9B517}.Release|iPhone.Deploy.0 = Release|Any CPU
		{58D5E1BB-6FBC-4C94-95A3-FCA0FBF9B517}.Release|iPhoneSimulator.ActiveCfg = Release|Any CPU
		{58D5E1BB-6FBC-4C94-95A3-FCA0FBF9B517}.Release|iPhoneSimulator.Build.0 = Release|Any CPU
		{58D5E1BB-6FBC-4C94-95A3-FCA0FBF9B517}.Release|iPhoneSimulator.Deploy.0 = Release|Any CPU
		{58D5E1BB-6FBC-4C94-95A3-FCA0FBF9B517}.Release|x64.ActiveCfg = Release|Any CPU
		{58D5E1BB-6FBC-4C94-95A3-FCA0FBF9B517}.Release|x64.Build.0 = Release|Any CPU
		{58D5E1BB-6FBC-4C94-95A3-FCA0FBF9B517}.Release|x64.Deploy.0 = Release|Any CPU
		{58D5E1BB-6FBC-4C94-95A3-FCA0FBF9B517}.Release|x86.ActiveCfg = Release|Any CPU
		{58D5E1BB-6FBC-4C94-95A3-FCA0FBF9B517}.Release|x86.Build.0 = Release|Any CPU
		{58D5E1BB-6FBC-4C94-95A3-FCA0FBF9B517}.Release|x86.Deploy.0 = Release|Any CPU
		{730FC154-EA8C-47A3-9332-C7C47CC3E36B}.Ad-Hoc|Any CPU.ActiveCfg = Release|Any CPU
		{730FC154-EA8C-47A3-9332-C7C47CC3E36B}.Ad-Hoc|Any CPU.Build.0 = Release|Any CPU
		{730FC154-EA8C-47A3-9332-C7C47CC3E36B}.Ad-Hoc|ARM.ActiveCfg = Release|Any CPU
		{730FC154-EA8C-47A3-9332-C7C47CC3E36B}.Ad-Hoc|ARM.Build.0 = Release|Any CPU
		{730FC154-EA8C-47A3-9332-C7C47CC3E36B}.Ad-Hoc|iPhone.ActiveCfg = Release|Any CPU
		{730FC154-EA8C-47A3-9332-C7C47CC3E36B}.Ad-Hoc|iPhone.Build.0 = Release|Any CPU
		{730FC154-EA8C-47A3-9332-C7C47CC3E36B}.Ad-Hoc|iPhoneSimulator.ActiveCfg = Release|Any CPU
		{730FC154-EA8C-47A3-9332-C7C47CC3E36B}.Ad-Hoc|iPhoneSimulator.Build.0 = Release|Any CPU
		{730FC154-EA8C-47A3-9332-C7C47CC3E36B}.Ad-Hoc|x64.ActiveCfg = Release|Any CPU
		{730FC154-EA8C-47A3-9332-C7C47CC3E36B}.Ad-Hoc|x64.Build.0 = Release|Any CPU
		{730FC154-EA8C-47A3-9332-C7C47CC3E36B}.Ad-Hoc|x86.ActiveCfg = Release|Any CPU
		{730FC154-EA8C-47A3-9332-C7C47CC3E36B}.Ad-Hoc|x86.Build.0 = Release|Any CPU
		{730FC154-EA8C-47A3-9332-C7C47CC3E36B}.AppStore|Any CPU.ActiveCfg = Release|Any CPU
		{730FC154-EA8C-47A3-9332-C7C47CC3E36B}.AppStore|Any CPU.Build.0 = Release|Any CPU
		{730FC154-EA8C-47A3-9332-C7C47CC3E36B}.AppStore|ARM.ActiveCfg = Release|Any CPU
		{730FC154-EA8C-47A3-9332-C7C47CC3E36B}.AppStore|ARM.Build.0 = Release|Any CPU
		{730FC154-EA8C-47A3-9332-C7C47CC3E36B}.AppStore|iPhone.ActiveCfg = Release|Any CPU
		{730FC154-EA8C-47A3-9332-C7C47CC3E36B}.AppStore|iPhone.Build.0 = Release|Any CPU
		{730FC154-EA8C-47A3-9332-C7C47CC3E36B}.AppStore|iPhoneSimulator.ActiveCfg = Release|Any CPU
		{730FC154-EA8C-47A3-9332-C7C47CC3E36B}.AppStore|iPhoneSimulator.Build.0 = Release|Any CPU
		{730FC154-EA8C-47A3-9332-C7C47CC3E36B}.AppStore|x64.ActiveCfg = Release|Any CPU
		{730FC154-EA8C-47A3-9332-C7C47CC3E36B}.AppStore|x64.Build.0 = Release|Any CPU
		{730FC154-EA8C-47A3-9332-C7C47CC3E36B}.AppStore|x86.ActiveCfg = Release|Any CPU
		{730FC154-EA8C-47A3-9332-C7C47CC3E36B}.AppStore|x86.Build.0 = Release|Any CPU
		{730FC154-EA8C-47A3-9332-C7C47CC3E36B}.Debug|Any CPU.ActiveCfg = Debug|Any CPU
		{730FC154-EA8C-47A3-9332-C7C47CC3E36B}.Debug|Any CPU.Build.0 = Debug|Any CPU
		{730FC154-EA8C-47A3-9332-C7C47CC3E36B}.Debug|ARM.ActiveCfg = Debug|Any CPU
		{730FC154-EA8C-47A3-9332-C7C47CC3E36B}.Debug|ARM.Build.0 = Debug|Any CPU
		{730FC154-EA8C-47A3-9332-C7C47CC3E36B}.Debug|iPhone.ActiveCfg = Debug|Any CPU
		{730FC154-EA8C-47A3-9332-C7C47CC3E36B}.Debug|iPhone.Build.0 = Debug|Any CPU
		{730FC154-EA8C-47A3-9332-C7C47CC3E36B}.Debug|iPhoneSimulator.ActiveCfg = Debug|Any CPU
		{730FC154-EA8C-47A3-9332-C7C47CC3E36B}.Debug|iPhoneSimulator.Build.0 = Debug|Any CPU
		{730FC154-EA8C-47A3-9332-C7C47CC3E36B}.Debug|x64.ActiveCfg = Debug|Any CPU
		{730FC154-EA8C-47A3-9332-C7C47CC3E36B}.Debug|x64.Build.0 = Debug|Any CPU
		{730FC154-EA8C-47A3-9332-C7C47CC3E36B}.Debug|x86.ActiveCfg = Debug|Any CPU
		{730FC154-EA8C-47A3-9332-C7C47CC3E36B}.Debug|x86.Build.0 = Debug|Any CPU
		{730FC154-EA8C-47A3-9332-C7C47CC3E36B}.Release|Any CPU.ActiveCfg = Release|Any CPU
		{730FC154-EA8C-47A3-9332-C7C47CC3E36B}.Release|Any CPU.Build.0 = Release|Any CPU
		{730FC154-EA8C-47A3-9332-C7C47CC3E36B}.Release|ARM.ActiveCfg = Release|Any CPU
		{730FC154-EA8C-47A3-9332-C7C47CC3E36B}.Release|ARM.Build.0 = Release|Any CPU
		{730FC154-EA8C-47A3-9332-C7C47CC3E36B}.Release|iPhone.ActiveCfg = Release|Any CPU
		{730FC154-EA8C-47A3-9332-C7C47CC3E36B}.Release|iPhone.Build.0 = Release|Any CPU
		{730FC154-EA8C-47A3-9332-C7C47CC3E36B}.Release|iPhoneSimulator.ActiveCfg = Release|Any CPU
		{730FC154-EA8C-47A3-9332-C7C47CC3E36B}.Release|iPhoneSimulator.Build.0 = Release|Any CPU
		{730FC154-EA8C-47A3-9332-C7C47CC3E36B}.Release|x64.ActiveCfg = Release|Any CPU
		{730FC154-EA8C-47A3-9332-C7C47CC3E36B}.Release|x64.Build.0 = Release|Any CPU
		{730FC154-EA8C-47A3-9332-C7C47CC3E36B}.Release|x86.ActiveCfg = Release|Any CPU
		{730FC154-EA8C-47A3-9332-C7C47CC3E36B}.Release|x86.Build.0 = Release|Any CPU
		{A82D82FC-1D1A-4D22-89C8-3503DC36D2E9}.Ad-Hoc|Any CPU.ActiveCfg = Release|x86
		{A82D82FC-1D1A-4D22-89C8-3503DC36D2E9}.Ad-Hoc|Any CPU.Build.0 = Release|x86
		{A82D82FC-1D1A-4D22-89C8-3503DC36D2E9}.Ad-Hoc|Any CPU.Deploy.0 = Release|x86
		{A82D82FC-1D1A-4D22-89C8-3503DC36D2E9}.Ad-Hoc|ARM.ActiveCfg = Release|ARM
		{A82D82FC-1D1A-4D22-89C8-3503DC36D2E9}.Ad-Hoc|ARM.Build.0 = Release|ARM
		{A82D82FC-1D1A-4D22-89C8-3503DC36D2E9}.Ad-Hoc|ARM.Deploy.0 = Release|ARM
		{A82D82FC-1D1A-4D22-89C8-3503DC36D2E9}.Ad-Hoc|iPhone.ActiveCfg = Release|x86
		{A82D82FC-1D1A-4D22-89C8-3503DC36D2E9}.Ad-Hoc|iPhone.Build.0 = Release|x86
		{A82D82FC-1D1A-4D22-89C8-3503DC36D2E9}.Ad-Hoc|iPhone.Deploy.0 = Release|x86
		{A82D82FC-1D1A-4D22-89C8-3503DC36D2E9}.Ad-Hoc|iPhoneSimulator.ActiveCfg = Release|x86
		{A82D82FC-1D1A-4D22-89C8-3503DC36D2E9}.Ad-Hoc|iPhoneSimulator.Build.0 = Release|x86
		{A82D82FC-1D1A-4D22-89C8-3503DC36D2E9}.Ad-Hoc|iPhoneSimulator.Deploy.0 = Release|x86
		{A82D82FC-1D1A-4D22-89C8-3503DC36D2E9}.Ad-Hoc|x64.ActiveCfg = Release|x64
		{A82D82FC-1D1A-4D22-89C8-3503DC36D2E9}.Ad-Hoc|x64.Build.0 = Release|x64
		{A82D82FC-1D1A-4D22-89C8-3503DC36D2E9}.Ad-Hoc|x64.Deploy.0 = Release|x64
		{A82D82FC-1D1A-4D22-89C8-3503DC36D2E9}.Ad-Hoc|x86.ActiveCfg = Release|x86
		{A82D82FC-1D1A-4D22-89C8-3503DC36D2E9}.Ad-Hoc|x86.Build.0 = Release|x86
		{A82D82FC-1D1A-4D22-89C8-3503DC36D2E9}.Ad-Hoc|x86.Deploy.0 = Release|x86
		{A82D82FC-1D1A-4D22-89C8-3503DC36D2E9}.AppStore|Any CPU.ActiveCfg = Release|x86
		{A82D82FC-1D1A-4D22-89C8-3503DC36D2E9}.AppStore|Any CPU.Build.0 = Release|x86
		{A82D82FC-1D1A-4D22-89C8-3503DC36D2E9}.AppStore|Any CPU.Deploy.0 = Release|x86
		{A82D82FC-1D1A-4D22-89C8-3503DC36D2E9}.AppStore|ARM.ActiveCfg = Release|ARM
		{A82D82FC-1D1A-4D22-89C8-3503DC36D2E9}.AppStore|ARM.Build.0 = Release|ARM
		{A82D82FC-1D1A-4D22-89C8-3503DC36D2E9}.AppStore|ARM.Deploy.0 = Release|ARM
		{A82D82FC-1D1A-4D22-89C8-3503DC36D2E9}.AppStore|iPhone.ActiveCfg = Release|x86
		{A82D82FC-1D1A-4D22-89C8-3503DC36D2E9}.AppStore|iPhone.Build.0 = Release|x86
		{A82D82FC-1D1A-4D22-89C8-3503DC36D2E9}.AppStore|iPhone.Deploy.0 = Release|x86
		{A82D82FC-1D1A-4D22-89C8-3503DC36D2E9}.AppStore|iPhoneSimulator.ActiveCfg = Release|x86
		{A82D82FC-1D1A-4D22-89C8-3503DC36D2E9}.AppStore|iPhoneSimulator.Build.0 = Release|x86
		{A82D82FC-1D1A-4D22-89C8-3503DC36D2E9}.AppStore|iPhoneSimulator.Deploy.0 = Release|x86
		{A82D82FC-1D1A-4D22-89C8-3503DC36D2E9}.AppStore|x64.ActiveCfg = Release|x64
		{A82D82FC-1D1A-4D22-89C8-3503DC36D2E9}.AppStore|x64.Build.0 = Release|x64
		{A82D82FC-1D1A-4D22-89C8-3503DC36D2E9}.AppStore|x64.Deploy.0 = Release|x64
		{A82D82FC-1D1A-4D22-89C8-3503DC36D2E9}.AppStore|x86.ActiveCfg = Release|x86
		{A82D82FC-1D1A-4D22-89C8-3503DC36D2E9}.AppStore|x86.Build.0 = Release|x86
		{A82D82FC-1D1A-4D22-89C8-3503DC36D2E9}.AppStore|x86.Deploy.0 = Release|x86
		{A82D82FC-1D1A-4D22-89C8-3503DC36D2E9}.Debug|Any CPU.ActiveCfg = Debug|x86
		{A82D82FC-1D1A-4D22-89C8-3503DC36D2E9}.Debug|ARM.ActiveCfg = Debug|ARM
		{A82D82FC-1D1A-4D22-89C8-3503DC36D2E9}.Debug|ARM.Build.0 = Debug|ARM
		{A82D82FC-1D1A-4D22-89C8-3503DC36D2E9}.Debug|ARM.Deploy.0 = Debug|ARM
		{A82D82FC-1D1A-4D22-89C8-3503DC36D2E9}.Debug|iPhone.ActiveCfg = Debug|x86
		{A82D82FC-1D1A-4D22-89C8-3503DC36D2E9}.Debug|iPhoneSimulator.ActiveCfg = Debug|x86
		{A82D82FC-1D1A-4D22-89C8-3503DC36D2E9}.Debug|x64.ActiveCfg = Debug|x64
		{A82D82FC-1D1A-4D22-89C8-3503DC36D2E9}.Debug|x64.Build.0 = Debug|x64
		{A82D82FC-1D1A-4D22-89C8-3503DC36D2E9}.Debug|x64.Deploy.0 = Debug|x64
		{A82D82FC-1D1A-4D22-89C8-3503DC36D2E9}.Debug|x86.ActiveCfg = Debug|x86
		{A82D82FC-1D1A-4D22-89C8-3503DC36D2E9}.Debug|x86.Build.0 = Debug|x86
		{A82D82FC-1D1A-4D22-89C8-3503DC36D2E9}.Debug|x86.Deploy.0 = Debug|x86
		{A82D82FC-1D1A-4D22-89C8-3503DC36D2E9}.Release|Any CPU.ActiveCfg = Release|x86
		{A82D82FC-1D1A-4D22-89C8-3503DC36D2E9}.Release|ARM.ActiveCfg = Release|ARM
		{A82D82FC-1D1A-4D22-89C8-3503DC36D2E9}.Release|ARM.Build.0 = Release|ARM
		{A82D82FC-1D1A-4D22-89C8-3503DC36D2E9}.Release|ARM.Deploy.0 = Release|ARM
		{A82D82FC-1D1A-4D22-89C8-3503DC36D2E9}.Release|iPhone.ActiveCfg = Release|x86
		{A82D82FC-1D1A-4D22-89C8-3503DC36D2E9}.Release|iPhoneSimulator.ActiveCfg = Release|x86
		{A82D82FC-1D1A-4D22-89C8-3503DC36D2E9}.Release|x64.ActiveCfg = Release|x64
		{A82D82FC-1D1A-4D22-89C8-3503DC36D2E9}.Release|x64.Build.0 = Release|x64
		{A82D82FC-1D1A-4D22-89C8-3503DC36D2E9}.Release|x64.Deploy.0 = Release|x64
		{A82D82FC-1D1A-4D22-89C8-3503DC36D2E9}.Release|x86.ActiveCfg = Release|x86
		{A82D82FC-1D1A-4D22-89C8-3503DC36D2E9}.Release|x86.Build.0 = Release|x86
		{A82D82FC-1D1A-4D22-89C8-3503DC36D2E9}.Release|x86.Deploy.0 = Release|x86
		{8756AA69-B685-4C07-9EEF-8AC5EED5EE92}.Ad-Hoc|Any CPU.ActiveCfg = Ad-Hoc|iPhoneSimulator
		{8756AA69-B685-4C07-9EEF-8AC5EED5EE92}.Ad-Hoc|ARM.ActiveCfg = Ad-Hoc|iPhone
		{8756AA69-B685-4C07-9EEF-8AC5EED5EE92}.Ad-Hoc|iPhone.ActiveCfg = Ad-Hoc|iPhone
		{8756AA69-B685-4C07-9EEF-8AC5EED5EE92}.Ad-Hoc|iPhone.Build.0 = Ad-Hoc|iPhone
		{8756AA69-B685-4C07-9EEF-8AC5EED5EE92}.Ad-Hoc|iPhoneSimulator.ActiveCfg = Ad-Hoc|iPhoneSimulator
		{8756AA69-B685-4C07-9EEF-8AC5EED5EE92}.Ad-Hoc|iPhoneSimulator.Build.0 = Ad-Hoc|iPhoneSimulator
		{8756AA69-B685-4C07-9EEF-8AC5EED5EE92}.Ad-Hoc|x64.ActiveCfg = Ad-Hoc|iPhone
		{8756AA69-B685-4C07-9EEF-8AC5EED5EE92}.Ad-Hoc|x86.ActiveCfg = Ad-Hoc|iPhone
		{8756AA69-B685-4C07-9EEF-8AC5EED5EE92}.AppStore|Any CPU.ActiveCfg = AppStore|iPhoneSimulator
		{8756AA69-B685-4C07-9EEF-8AC5EED5EE92}.AppStore|ARM.ActiveCfg = AppStore|iPhone
		{8756AA69-B685-4C07-9EEF-8AC5EED5EE92}.AppStore|iPhone.ActiveCfg = AppStore|iPhone
		{8756AA69-B685-4C07-9EEF-8AC5EED5EE92}.AppStore|iPhone.Build.0 = AppStore|iPhone
		{8756AA69-B685-4C07-9EEF-8AC5EED5EE92}.AppStore|iPhoneSimulator.ActiveCfg = AppStore|iPhoneSimulator
		{8756AA69-B685-4C07-9EEF-8AC5EED5EE92}.AppStore|iPhoneSimulator.Build.0 = AppStore|iPhoneSimulator
		{8756AA69-B685-4C07-9EEF-8AC5EED5EE92}.AppStore|x64.ActiveCfg = AppStore|iPhone
		{8756AA69-B685-4C07-9EEF-8AC5EED5EE92}.AppStore|x86.ActiveCfg = AppStore|iPhone
		{8756AA69-B685-4C07-9EEF-8AC5EED5EE92}.Debug|Any CPU.ActiveCfg = Debug|iPhoneSimulator
		{8756AA69-B685-4C07-9EEF-8AC5EED5EE92}.Debug|ARM.ActiveCfg = Debug|iPhone
		{8756AA69-B685-4C07-9EEF-8AC5EED5EE92}.Debug|iPhone.ActiveCfg = Debug|iPhone
		{8756AA69-B685-4C07-9EEF-8AC5EED5EE92}.Debug|iPhone.Build.0 = Debug|iPhone
		{8756AA69-B685-4C07-9EEF-8AC5EED5EE92}.Debug|iPhoneSimulator.ActiveCfg = Debug|iPhoneSimulator
		{8756AA69-B685-4C07-9EEF-8AC5EED5EE92}.Debug|iPhoneSimulator.Build.0 = Debug|iPhoneSimulator
		{8756AA69-B685-4C07-9EEF-8AC5EED5EE92}.Debug|x64.ActiveCfg = Debug|iPhone
		{8756AA69-B685-4C07-9EEF-8AC5EED5EE92}.Debug|x86.ActiveCfg = Debug|iPhone
		{8756AA69-B685-4C07-9EEF-8AC5EED5EE92}.Release|Any CPU.ActiveCfg = Release|iPhoneSimulator
		{8756AA69-B685-4C07-9EEF-8AC5EED5EE92}.Release|ARM.ActiveCfg = Release|iPhone
		{8756AA69-B685-4C07-9EEF-8AC5EED5EE92}.Release|iPhone.ActiveCfg = Release|iPhone
		{8756AA69-B685-4C07-9EEF-8AC5EED5EE92}.Release|iPhone.Build.0 = Release|iPhone
		{8756AA69-B685-4C07-9EEF-8AC5EED5EE92}.Release|iPhoneSimulator.ActiveCfg = Release|iPhoneSimulator
		{8756AA69-B685-4C07-9EEF-8AC5EED5EE92}.Release|iPhoneSimulator.Build.0 = Release|iPhoneSimulator
		{8756AA69-B685-4C07-9EEF-8AC5EED5EE92}.Release|x64.ActiveCfg = Release|iPhone
		{8756AA69-B685-4C07-9EEF-8AC5EED5EE92}.Release|x86.ActiveCfg = Release|iPhone
	EndGlobalSection
	GlobalSection(SolutionProperties) = preSolution
		HideSolutionNode = FALSE
	EndGlobalSection
	GlobalSection(ExtensibilityGlobals) = postSolution
		SolutionGuid = {14086E7B-FDF2-4F35-BA32-BED8D2E4E9A0}
	EndGlobalSection
EndGlobal
